PODS:
  - AFNetworking (4.0.1):
    - AFNetworking/NSURLSession (= 4.0.1)
    - AFNetworking/Reachability (= 4.0.1)
    - AFNetworking/Security (= 4.0.1)
    - AFNetworking/Serialization (= 4.0.1)
    - AFNetworking/UIKit (= 4.0.1)
  - AFNetworking/NSURLSession (4.0.1):
    - AFNetworking/Reachability
    - AFNetworking/Security
    - AFNetworking/Serialization
  - AFNetworking/Reachability (4.0.1)
  - AFNetworking/Security (4.0.1)
  - AFNetworking/Serialization (4.0.1)
  - AFNetworking/UIKit (4.0.1):
    - AFNetworking/NSURLSession
  - Masonry (1.1.0)
  - MJExtension (3.4.1)
  - PLPlayerKit (3.4.7):
    - PLPlayerKit/iphoneos (= 3.4.7)
  - PLPlayerKit/iphoneos (3.4.7)
  - QNRTCKit-iOS (5.1.1):
    - QNRTCKit-iOS/Core (= 5.1.1)
  - QNRTCKit-iOS/Core (5.1.1)
  - SDWebImage (5.12.2):
    - SDWebImage/Core (= 5.12.2)
  - SDWebImage/Core (5.12.2)
  - YYCache (1.0.4)
  - YYCategories (1.0.4):
    - YYCategories/no-arc (= 1.0.4)
  - YYCategories/no-arc (1.0.4)
  - YYImage (1.0.4):
    - YYImage/Core (= 1.0.4)
  - YYImage/Core (1.0.4)
  - YYWebImage (1.0.4):
    - YYCache
    - YYImage

DEPENDENCIES:
  - AFNetworking (= 4.0.1)
  - Masonry (= 1.1.0)
  - MJExtension (= 3.4.1)
  - PLPlayerKit (= 3.4.7)
  - QNRTCKit-iOS (= 5.1.1)
  - SDWebImage (= 5.12.2)
  - YYCategories (= 1.0.4)
  - YYWebImage (= 1.0.4)

SPEC REPOS:
  trunk:
    - AFNetworking
    - Masonry
    - MJExtension
    - PLPlayerKit
    - QNRTCKit-iOS
    - SDWebImage
    - YYCache
    - YYCategories
    - YYImage
    - YYWebImage

SPEC CHECKSUMS:
  AFNetworking: 3bd23d814e976cd148d7d44c3ab78017b744cd58
  Masonry: 678fab65091a9290e40e2832a55e7ab731aad201
  MJExtension: 21c5f6f8c4d5d8844b7ae8fbae08fed0b501f961
  PLPlayerKit: a4c6da506dc4ae368ae71a95b49e2256f33c0de7
  QNRTCKit-iOS: 08b1dd6140d54a228d49627b408db2001ca535a4
  SDWebImage: 240e5c12b592fb1268c1d03b8c90d90e8c2ffe82
  YYCache: 8105b6638f5e849296c71f331ff83891a4942952
  YYCategories: 6bcd4314c6661a561410dce4a793379ebd306abd
  YYImage: 1e1b62a9997399593e4b9c4ecfbbabbf1d3f3b54
  YYWebImage: 0431ed108e104527669b86f75efd58958425cca2

PODFILE CHECKSUM: ebb08f748d173f59a8d799b79cd7523301ee833e

COCOAPODS: 1.11.3
