// !$*UTF8*$!
{
	archiveVersion = 1;
	classes = {
	};
	objectVersion = 55;
	objects = {

/* Begin PBXBuildFile section */
		1C8BF6600F88D523C0391268 /* Pods_QNLiveKit.framework in Frameworks */ = {isa = PBXBuildFile; fileRef = 93FD8D2BCC60F127C6FB7DA1 /* Pods_QNLiveKit.framework */; };
		485F27222940E37E00484CB6 /* CreateSignalHandler.m in Sources */ = {isa = PBXBuildFile; fileRef = 485F27212940E37E00484CB6 /* CreateSignalHandler.m */; };
		48B937CA29271C520014D671 /* CoreServices.framework in Frameworks */ = {isa = PBXBuildFile; fileRef = 48B937C929271C520014D671 /* CoreServices.framework */; };
		48B937D029271CC20014D671 /* MapKit.framework in Frameworks */ = {isa = PBXBuildFile; fileRef = 48B937CF29271CC20014D671 /* MapKit.framework */; };
		48B93884292E12DA0014D671 /* QNGiftService.h in Headers */ = {isa = PBXBuildFile; fileRef = 48B93882292E12DA0014D671 /* QNGiftService.h */; settings = {ATTRIBUTES = (Public, ); }; };
		48B93885292E12DA0014D671 /* QNGiftService.m in Sources */ = {isa = PBXBuildFile; fileRef = 48B93883292E12DA0014D671 /* QNGiftService.m */; };
		48B93889292E26590014D671 /* QNUserService.h in Headers */ = {isa = PBXBuildFile; fileRef = 48B93887292E26590014D671 /* QNUserService.h */; settings = {ATTRIBUTES = (Public, ); }; };
		48B9388A292E26590014D671 /* QNUserService.m in Sources */ = {isa = PBXBuildFile; fileRef = 48B93888292E26590014D671 /* QNUserService.m */; };
		48B9388D292E399E0014D671 /* QNGiftMsgModel.h in Headers */ = {isa = PBXBuildFile; fileRef = 48B9388B292E399E0014D671 /* QNGiftMsgModel.h */; settings = {ATTRIBUTES = (Public, ); }; };
		48B9388E292E399E0014D671 /* QNGiftMsgModel.m in Sources */ = {isa = PBXBuildFile; fileRef = 48B9388C292E399E0014D671 /* QNGiftMsgModel.m */; };
		48B938A0292F55640014D671 /* QNLikeService.h in Headers */ = {isa = PBXBuildFile; fileRef = 48B9389E292F55640014D671 /* QNLikeService.h */; settings = {ATTRIBUTES = (Public, ); }; };
		48B938A1292F55640014D671 /* QNLikeService.m in Sources */ = {isa = PBXBuildFile; fileRef = 48B9389F292F55640014D671 /* QNLikeService.m */; };
		48B938A4292F5C0E0014D671 /* QNLikeResult.h in Headers */ = {isa = PBXBuildFile; fileRef = 48B938A2292F5C0E0014D671 /* QNLikeResult.h */; settings = {ATTRIBUTES = (Public, ); }; };
		48B938A5292F5C0E0014D671 /* QNLikeResult.m in Sources */ = {isa = PBXBuildFile; fileRef = 48B938A3292F5C0E0014D671 /* QNLikeResult.m */; };
		48B938B1292F8EF10014D671 /* QNLikeNotify.h in Headers */ = {isa = PBXBuildFile; fileRef = 48B938AF292F8EF10014D671 /* QNLikeNotify.h */; settings = {ATTRIBUTES = (Public, ); }; };
		48B938B2292F8EF10014D671 /* QNLikeNotify.m in Sources */ = {isa = PBXBuildFile; fileRef = 48B938B0292F8EF10014D671 /* QNLikeNotify.m */; };
		48C83DD82940C1E40002C11B /* PLSTArEffects.framework in Frameworks */ = {isa = PBXBuildFile; fileRef = 48C83DD62940C1E40002C11B /* PLSTArEffects.framework */; };
		48C83DD92940C1E40002C11B /* QNIMSDK.framework in Frameworks */ = {isa = PBXBuildFile; fileRef = 48C83DD72940C1E40002C11B /* QNIMSDK.framework */; platformFilter = ios; };
		48D31E0A2940E754005303A2 /* CreateSignalHandler.h in Headers */ = {isa = PBXBuildFile; fileRef = 485F27202940E37E00484CB6 /* CreateSignalHandler.h */; settings = {ATTRIBUTES = (Public, ); }; };
		48D4AC1C2949B8EA008C8464 /* QLiveConfig.h in Headers */ = {isa = PBXBuildFile; fileRef = 48D4AC1A2949B8EA008C8464 /* QLiveConfig.h */; settings = {ATTRIBUTES = (Public, ); }; };
		48D4AC1D2949B8EA008C8464 /* QLiveConfig.m in Sources */ = {isa = PBXBuildFile; fileRef = 48D4AC1B2949B8EA008C8464 /* QLiveConfig.m */; };
		48D4AC202949D288008C8464 /* QNAppService.h in Headers */ = {isa = PBXBuildFile; fileRef = 48D4AC1E2949D288008C8464 /* QNAppService.h */; settings = {ATTRIBUTES = (Public, ); }; };
		48D4AC212949D288008C8464 /* QNAppService.m in Sources */ = {isa = PBXBuildFile; fileRef = 48D4AC1F2949D288008C8464 /* QNAppService.m */; };
		48D4AC2B294AAA39008C8464 /* QNLiveError.h in Headers */ = {isa = PBXBuildFile; fileRef = 48D4AC29294AAA39008C8464 /* QNLiveError.h */; settings = {ATTRIBUTES = (Public, ); }; };
		48D4AC2C294AAA39008C8464 /* QNLiveError.m in Sources */ = {isa = PBXBuildFile; fileRef = 48D4AC2A294AAA39008C8464 /* QNLiveError.m */; };
		77062FB2287EA0A300E9FD7D /* GoodsModel.h in Headers */ = {isa = PBXBuildFile; fileRef = 77062FB0287EA0A300E9FD7D /* GoodsModel.h */; settings = {ATTRIBUTES = (Public, ); }; };
		77062FB3287EA0A300E9FD7D /* GoodsModel.m in Sources */ = {isa = PBXBuildFile; fileRef = 77062FB1287EA0A300E9FD7D /* GoodsModel.m */; };
		77204D4E285873BF0053B1AD /* QRooms.h in Headers */ = {isa = PBXBuildFile; fileRef = 77204D4C285873BF0053B1AD /* QRooms.h */; settings = {ATTRIBUTES = (Public, ); }; };
		77204D4F285873BF0053B1AD /* QRooms.m in Sources */ = {isa = PBXBuildFile; fileRef = 77204D4D285873BF0053B1AD /* QRooms.m */; };
		77204D83285F97A20053B1AD /* PubChatModel.h in Headers */ = {isa = PBXBuildFile; fileRef = 77204D79285F97A20053B1AD /* PubChatModel.h */; settings = {ATTRIBUTES = (Public, ); }; };
		77204D86285F97A20053B1AD /* QInvitationModel.h in Headers */ = {isa = PBXBuildFile; fileRef = 77204D7C285F97A20053B1AD /* QInvitationModel.h */; settings = {ATTRIBUTES = (Public, ); }; };
		77204D87285F97A20053B1AD /* QIMModel.m in Sources */ = {isa = PBXBuildFile; fileRef = 77204D7D285F97A20053B1AD /* QIMModel.m */; };
		77204D88285F97A20053B1AD /* PubChatModel.m in Sources */ = {isa = PBXBuildFile; fileRef = 77204D7E285F97A20053B1AD /* PubChatModel.m */; };
		77204D8B285F97A20053B1AD /* QIMModel.h in Headers */ = {isa = PBXBuildFile; fileRef = 77204D81285F97A20053B1AD /* QIMModel.h */; settings = {ATTRIBUTES = (Public, ); }; };
		77204D8C285F97A20053B1AD /* QInvitationModel.m in Sources */ = {isa = PBXBuildFile; fileRef = 77204D82285F97A20053B1AD /* QInvitationModel.m */; };
		77204D97285F9AF50053B1AD /* LinkOptionModel.h in Headers */ = {isa = PBXBuildFile; fileRef = 77204D95285F9AF50053B1AD /* LinkOptionModel.h */; settings = {ATTRIBUTES = (Public, ); }; };
		77204D98285F9AF50053B1AD /* LinkOptionModel.m in Sources */ = {isa = PBXBuildFile; fileRef = 77204D96285F9AF50053B1AD /* LinkOptionModel.m */; };
		774E6421284DF8E800C9FB7F /* QMixStreamManager.m in Sources */ = {isa = PBXBuildFile; fileRef = 774E641F284DF8E800C9FB7F /* QMixStreamManager.m */; };
		774E6422284DF8E800C9FB7F /* QMixStreamManager.h in Headers */ = {isa = PBXBuildFile; fileRef = 774E6420284DF8E800C9FB7F /* QMixStreamManager.h */; settings = {ATTRIBUTES = (Public, ); }; };
		776B1C4E283C78D800D85C73 /* QNLiveKit.docc in Sources */ = {isa = PBXBuildFile; fileRef = 776B1C4D283C78D800D85C73 /* QNLiveKit.docc */; };
		776B1C54283C78D800D85C73 /* QNLiveKit.framework in Frameworks */ = {isa = PBXBuildFile; fileRef = 776B1C49283C78D800D85C73 /* QNLiveKit.framework */; };
		776B1C59283C78D800D85C73 /* QNLiveKitTests.m in Sources */ = {isa = PBXBuildFile; fileRef = 776B1C58283C78D800D85C73 /* QNLiveKitTests.m */; };
		776B1C5A283C78D800D85C73 /* QNLiveKit.h in Headers */ = {isa = PBXBuildFile; fileRef = 776B1C4C283C78D800D85C73 /* QNLiveKit.h */; settings = {ATTRIBUTES = (Public, ); }; };
		776B1C6E283C792B00D85C73 /* QLive.h in Headers */ = {isa = PBXBuildFile; fileRef = 776B1C6C283C792B00D85C73 /* QLive.h */; settings = {ATTRIBUTES = (Public, ); }; };
		776B1C6F283C792B00D85C73 /* QLive.m in Sources */ = {isa = PBXBuildFile; fileRef = 776B1C6D283C792B00D85C73 /* QLive.m */; };
		776B1C73283C79BB00D85C73 /* QNCreateRoomParam.h in Headers */ = {isa = PBXBuildFile; fileRef = 776B1C71283C79BB00D85C73 /* QNCreateRoomParam.h */; settings = {ATTRIBUTES = (Public, ); }; };
		776B1C74283C79BB00D85C73 /* QNCreateRoomParam.m in Sources */ = {isa = PBXBuildFile; fileRef = 776B1C72283C79BB00D85C73 /* QNCreateRoomParam.m */; };
		776B1C77283C79DB00D85C73 /* QNLiveRoomInfo.h in Headers */ = {isa = PBXBuildFile; fileRef = 776B1C75283C79DB00D85C73 /* QNLiveRoomInfo.h */; settings = {ATTRIBUTES = (Public, ); }; };
		776B1C78283C79DB00D85C73 /* QNLiveRoomInfo.m in Sources */ = {isa = PBXBuildFile; fileRef = 776B1C76283C79DB00D85C73 /* QNLiveRoomInfo.m */; };
		776B1C82283CB2AA00D85C73 /* QNLiveUser.h in Headers */ = {isa = PBXBuildFile; fileRef = 776B1C80283CB2AA00D85C73 /* QNLiveUser.h */; settings = {ATTRIBUTES = (Public, ); }; };
		776B1C83283CB2AA00D85C73 /* QNLiveUser.m in Sources */ = {isa = PBXBuildFile; fileRef = 776B1C81283CB2AA00D85C73 /* QNLiveUser.m */; };
		776B1C86283CB60D00D85C73 /* QNLiveRoomClient.h in Headers */ = {isa = PBXBuildFile; fileRef = 776B1C84283CB60D00D85C73 /* QNLiveRoomClient.h */; settings = {ATTRIBUTES = (Public, ); }; };
		776B1C87283CB60D00D85C73 /* QNLiveRoomClient.m in Sources */ = {isa = PBXBuildFile; fileRef = 776B1C85283CB60D00D85C73 /* QNLiveRoomClient.m */; };
		776B1C8A283CB6B300D85C73 /* QNLiveService.h in Headers */ = {isa = PBXBuildFile; fileRef = 776B1C88283CB6B300D85C73 /* QNLiveService.h */; settings = {ATTRIBUTES = (Public, ); }; };
		776B1C8B283CB6B300D85C73 /* QNLiveService.m in Sources */ = {isa = PBXBuildFile; fileRef = 776B1C89283CB6B300D85C73 /* QNLiveService.m */; };
		776B1C8E283CBB2100D85C73 /* QNLivePushClient.h in Headers */ = {isa = PBXBuildFile; fileRef = 776B1C8C283CBB2100D85C73 /* QNLivePushClient.h */; settings = {ATTRIBUTES = (Public, ); }; };
		776B1C8F283CBB2100D85C73 /* QNLivePushClient.m in Sources */ = {isa = PBXBuildFile; fileRef = 776B1C8D283CBB2100D85C73 /* QNLivePushClient.m */; };
		776B1C92283CBBA100D85C73 /* QNCameraParams.h in Headers */ = {isa = PBXBuildFile; fileRef = 776B1C90283CBBA100D85C73 /* QNCameraParams.h */; settings = {ATTRIBUTES = (Public, ); }; };
		776B1C93283CBBA100D85C73 /* QNCameraParams.m in Sources */ = {isa = PBXBuildFile; fileRef = 776B1C91283CBBA100D85C73 /* QNCameraParams.m */; };
		776B1C96283CBBB800D85C73 /* QNMicrophoneParams.h in Headers */ = {isa = PBXBuildFile; fileRef = 776B1C94283CBBB800D85C73 /* QNMicrophoneParams.h */; settings = {ATTRIBUTES = (Public, ); }; };
		776B1C97283CBBB800D85C73 /* QNMicrophoneParams.m in Sources */ = {isa = PBXBuildFile; fileRef = 776B1C95283CBBB800D85C73 /* QNMicrophoneParams.m */; };
		776B1CAC283CC6EC00D85C73 /* QLiveNetworkUtil.h in Headers */ = {isa = PBXBuildFile; fileRef = 776B1CAA283CC6EC00D85C73 /* QLiveNetworkUtil.h */; settings = {ATTRIBUTES = (Public, ); }; };
		776B1CAD283CC6EC00D85C73 /* QLiveNetworkUtil.m in Sources */ = {isa = PBXBuildFile; fileRef = 776B1CAB283CC6EC00D85C73 /* QLiveNetworkUtil.m */; };
		776B1CAF283CC87000D85C73 /* QNLivePrefixHeader.pch in Headers */ = {isa = PBXBuildFile; fileRef = 776B1CAE283CC87000D85C73 /* QNLivePrefixHeader.pch */; settings = {ATTRIBUTES = (Public, ); }; };
		776B1CC8283CFEE800D85C73 /* QNLivePullClient.h in Headers */ = {isa = PBXBuildFile; fileRef = 776B1CC6283CFEE800D85C73 /* QNLivePullClient.h */; settings = {ATTRIBUTES = (Public, ); }; };
		776B1CC9283CFEE800D85C73 /* QNLivePullClient.m in Sources */ = {isa = PBXBuildFile; fileRef = 776B1CC7283CFEE800D85C73 /* QNLivePullClient.m */; };
		776B1CD1283D010D00D85C73 /* QNMicLinker.h in Headers */ = {isa = PBXBuildFile; fileRef = 776B1CCF283D010D00D85C73 /* QNMicLinker.h */; settings = {ATTRIBUTES = (Public, ); }; };
		776B1CD2283D010D00D85C73 /* QNMicLinker.m in Sources */ = {isa = PBXBuildFile; fileRef = 776B1CD0283D010D00D85C73 /* QNMicLinker.m */; };
		776B1CD5283D024E00D85C73 /* QLinkMicService.h in Headers */ = {isa = PBXBuildFile; fileRef = 776B1CD3283D024E00D85C73 /* QLinkMicService.h */; settings = {ATTRIBUTES = (Public, ); }; };
		776B1CD6283D024E00D85C73 /* QLinkMicService.m in Sources */ = {isa = PBXBuildFile; fileRef = 776B1CD4283D024E00D85C73 /* QLinkMicService.m */; };
		776B1CEE283D0D8100D85C73 /* QNMergeOption.h in Headers */ = {isa = PBXBuildFile; fileRef = 776B1CEC283D0D8100D85C73 /* QNMergeOption.h */; settings = {ATTRIBUTES = (Public, ); }; };
		776B1CEF283D0D8100D85C73 /* QNMergeOption.m in Sources */ = {isa = PBXBuildFile; fileRef = 776B1CED283D0D8100D85C73 /* QNMergeOption.m */; };
		776B1CF2283D0F2000D85C73 /* LinkInvitation.h in Headers */ = {isa = PBXBuildFile; fileRef = 776B1CF0283D0F2000D85C73 /* LinkInvitation.h */; settings = {ATTRIBUTES = (Public, ); }; };
		776B1CF3283D0F2000D85C73 /* LinkInvitation.m in Sources */ = {isa = PBXBuildFile; fileRef = 776B1CF1283D0F2000D85C73 /* LinkInvitation.m */; };
		77781C0A283D1337009DC71C /* QNPKSession.h in Headers */ = {isa = PBXBuildFile; fileRef = 77781C08283D1337009DC71C /* QNPKSession.h */; settings = {ATTRIBUTES = (Public, ); }; };
		77781C0B283D1337009DC71C /* QNPKSession.m in Sources */ = {isa = PBXBuildFile; fileRef = 77781C09283D1337009DC71C /* QNPKSession.m */; };
		77781C0E283DD181009DC71C /* QPKService.h in Headers */ = {isa = PBXBuildFile; fileRef = 77781C0C283DD181009DC71C /* QPKService.h */; settings = {ATTRIBUTES = (Public, ); }; };
		77781C0F283DD181009DC71C /* QPKService.m in Sources */ = {isa = PBXBuildFile; fileRef = 77781C0D283DD181009DC71C /* QPKService.m */; };
		77781C20283DD63C009DC71C /* QNChatRoomService.h in Headers */ = {isa = PBXBuildFile; fileRef = 77781C1E283DD63C009DC71C /* QNChatRoomService.h */; settings = {ATTRIBUTES = (Public, ); }; };
		77781C21283DD63C009DC71C /* QNChatRoomService.m in Sources */ = {isa = PBXBuildFile; fileRef = 77781C1F283DD63C009DC71C /* QNChatRoomService.m */; };
		77781C41283DE000009DC71C /* Extension.h in Headers */ = {isa = PBXBuildFile; fileRef = 77781C3F283DE000009DC71C /* Extension.h */; settings = {ATTRIBUTES = (Public, ); }; };
		77781C42283DE000009DC71C /* Extension.m in Sources */ = {isa = PBXBuildFile; fileRef = 77781C40283DE000009DC71C /* Extension.m */; };
		77781CE728449A60009DC71C /* QNLiveTypeDefines.h in Headers */ = {isa = PBXBuildFile; fileRef = 776B1CC5283CFCF200D85C73 /* QNLiveTypeDefines.h */; settings = {ATTRIBUTES = (Public, ); }; };
		77A11CC92889385800020149 /* QShopService.h in Headers */ = {isa = PBXBuildFile; fileRef = 77A11CC72889385800020149 /* QShopService.h */; settings = {ATTRIBUTES = (Public, ); }; };
		77A11CCA2889385800020149 /* QShopService.m in Sources */ = {isa = PBXBuildFile; fileRef = 77A11CC82889385800020149 /* QShopService.m */; };
		77A8D26E28782DF0001A3C2C /* AssetsLibrary.framework in Frameworks */ = {isa = PBXBuildFile; fileRef = 77A8D26D28782DF0001A3C2C /* AssetsLibrary.framework */; };
		77BE1F0928C7342A007557E9 /* QRoomDataModel.h in Headers */ = {isa = PBXBuildFile; fileRef = 77BE1F0728C7342A007557E9 /* QRoomDataModel.h */; settings = {ATTRIBUTES = (Public, ); }; };
		77BE1F0A28C7342A007557E9 /* QRoomDataModel.m in Sources */ = {isa = PBXBuildFile; fileRef = 77BE1F0828C7342A007557E9 /* QRoomDataModel.m */; };
		77BE232528CB4424007557E9 /* QStatisticalService.h in Headers */ = {isa = PBXBuildFile; fileRef = 77BE232328CB4424007557E9 /* QStatisticalService.h */; settings = {ATTRIBUTES = (Public, ); }; };
		77BE232628CB4424007557E9 /* QStatisticalService.m in Sources */ = {isa = PBXBuildFile; fileRef = 77BE232428CB4424007557E9 /* QStatisticalService.m */; };
		77BE24F528FFED50007557E9 /* QNGiftModel.h in Headers */ = {isa = PBXBuildFile; fileRef = 77BE24E028FFED50007557E9 /* QNGiftModel.h */; settings = {ATTRIBUTES = (Public, ); }; };
		77BE24FE28FFED50007557E9 /* QNGiftModel.m in Sources */ = {isa = PBXBuildFile; fileRef = 77BE24E928FFED50007557E9 /* QNGiftModel.m */; };
		F18E863D1EEF8227B50115B4 /* Pods_QNLiveKitTests.framework in Frameworks */ = {isa = PBXBuildFile; fileRef = 948C15C1847BC94017A63290 /* Pods_QNLiveKitTests.framework */; };
/* End PBXBuildFile section */

/* Begin PBXContainerItemProxy section */
		776B1C55283C78D800D85C73 /* PBXContainerItemProxy */ = {
			isa = PBXContainerItemProxy;
			containerPortal = 776B1C40283C78D800D85C73 /* Project object */;
			proxyType = 1;
			remoteGlobalIDString = 776B1C48283C78D800D85C73;
			remoteInfo = QNLiveKit;
		};
/* End PBXContainerItemProxy section */

/* Begin PBXCopyFilesBuildPhase section */
		773D5131288F9D2E004B2D5F /* Embed Frameworks */ = {
			isa = PBXCopyFilesBuildPhase;
			buildActionMask = 2147483647;
			dstPath = "";
			dstSubfolderSpec = 10;
			files = (
			);
			name = "Embed Frameworks";
			runOnlyForDeploymentPostprocessing = 0;
		};
		777188F22864554E00C5CABC /* CopyFiles */ = {
			isa = PBXCopyFilesBuildPhase;
			buildActionMask = 2147483647;
			dstPath = "";
			dstSubfolderSpec = 7;
			files = (
			);
			runOnlyForDeploymentPostprocessing = 0;
		};
/* End PBXCopyFilesBuildPhase section */

/* Begin PBXFileReference section */
		081F7CF449622E077318EFB5 /* Pods-QNLiveKitTests.release.xcconfig */ = {isa = PBXFileReference; includeInIndex = 1; lastKnownFileType = text.xcconfig; name = "Pods-QNLiveKitTests.release.xcconfig"; path = "Target Support Files/Pods-QNLiveKitTests/Pods-QNLiveKitTests.release.xcconfig"; sourceTree = "<group>"; };
		485F27202940E37E00484CB6 /* CreateSignalHandler.h */ = {isa = PBXFileReference; fileEncoding = 4; lastKnownFileType = sourcecode.c.h; path = CreateSignalHandler.h; sourceTree = "<group>"; };
		485F27212940E37E00484CB6 /* CreateSignalHandler.m */ = {isa = PBXFileReference; fileEncoding = 4; lastKnownFileType = sourcecode.c.objc; path = CreateSignalHandler.m; sourceTree = "<group>"; };
		48B937C929271C520014D671 /* CoreServices.framework */ = {isa = PBXFileReference; lastKnownFileType = wrapper.framework; name = CoreServices.framework; path = Platforms/MacOSX.platform/Developer/SDKs/MacOSX12.3.sdk/System/Library/Frameworks/CoreServices.framework; sourceTree = DEVELOPER_DIR; };
		48B937CF29271CC20014D671 /* MapKit.framework */ = {isa = PBXFileReference; lastKnownFileType = wrapper.framework; name = MapKit.framework; path = Platforms/MacOSX.platform/Developer/SDKs/MacOSX12.3.sdk/System/iOSSupport/System/Library/Frameworks/MapKit.framework; sourceTree = DEVELOPER_DIR; };
		48B93882292E12DA0014D671 /* QNGiftService.h */ = {isa = PBXFileReference; lastKnownFileType = sourcecode.c.h; path = QNGiftService.h; sourceTree = "<group>"; };
		48B93883292E12DA0014D671 /* QNGiftService.m */ = {isa = PBXFileReference; lastKnownFileType = sourcecode.c.objc; path = QNGiftService.m; sourceTree = "<group>"; };
		48B93887292E26590014D671 /* QNUserService.h */ = {isa = PBXFileReference; lastKnownFileType = sourcecode.c.h; path = QNUserService.h; sourceTree = "<group>"; };
		48B93888292E26590014D671 /* QNUserService.m */ = {isa = PBXFileReference; lastKnownFileType = sourcecode.c.objc; path = QNUserService.m; sourceTree = "<group>"; };
		48B9388B292E399E0014D671 /* QNGiftMsgModel.h */ = {isa = PBXFileReference; lastKnownFileType = sourcecode.c.h; path = QNGiftMsgModel.h; sourceTree = "<group>"; };
		48B9388C292E399E0014D671 /* QNGiftMsgModel.m */ = {isa = PBXFileReference; lastKnownFileType = sourcecode.c.objc; path = QNGiftMsgModel.m; sourceTree = "<group>"; };
		48B9389E292F55640014D671 /* QNLikeService.h */ = {isa = PBXFileReference; lastKnownFileType = sourcecode.c.h; path = QNLikeService.h; sourceTree = "<group>"; };
		48B9389F292F55640014D671 /* QNLikeService.m */ = {isa = PBXFileReference; lastKnownFileType = sourcecode.c.objc; path = QNLikeService.m; sourceTree = "<group>"; };
		48B938A2292F5C0E0014D671 /* QNLikeResult.h */ = {isa = PBXFileReference; lastKnownFileType = sourcecode.c.h; path = QNLikeResult.h; sourceTree = "<group>"; };
		48B938A3292F5C0E0014D671 /* QNLikeResult.m */ = {isa = PBXFileReference; lastKnownFileType = sourcecode.c.objc; path = QNLikeResult.m; sourceTree = "<group>"; };
		48B938AF292F8EF10014D671 /* QNLikeNotify.h */ = {isa = PBXFileReference; lastKnownFileType = sourcecode.c.h; path = QNLikeNotify.h; sourceTree = "<group>"; };
		48B938B0292F8EF10014D671 /* QNLikeNotify.m */ = {isa = PBXFileReference; lastKnownFileType = sourcecode.c.objc; path = QNLikeNotify.m; sourceTree = "<group>"; };
		48C83DD62940C1E40002C11B /* PLSTArEffects.framework */ = {isa = PBXFileReference; lastKnownFileType = wrapper.framework; name = PLSTArEffects.framework; path = ../../frameworks/PLSTArEffects.framework; sourceTree = "<group>"; };
		48C83DD72940C1E40002C11B /* QNIMSDK.framework */ = {isa = PBXFileReference; lastKnownFileType = wrapper.framework; name = QNIMSDK.framework; path = ../../frameworks/QNIMSDK.framework; sourceTree = "<group>"; };
		48D4AC1A2949B8EA008C8464 /* QLiveConfig.h */ = {isa = PBXFileReference; lastKnownFileType = sourcecode.c.h; path = QLiveConfig.h; sourceTree = "<group>"; };
		48D4AC1B2949B8EA008C8464 /* QLiveConfig.m */ = {isa = PBXFileReference; lastKnownFileType = sourcecode.c.objc; path = QLiveConfig.m; sourceTree = "<group>"; };
		48D4AC1E2949D288008C8464 /* QNAppService.h */ = {isa = PBXFileReference; lastKnownFileType = sourcecode.c.h; path = QNAppService.h; sourceTree = "<group>"; };
		48D4AC1F2949D288008C8464 /* QNAppService.m */ = {isa = PBXFileReference; lastKnownFileType = sourcecode.c.objc; path = QNAppService.m; sourceTree = "<group>"; };
		48D4AC29294AAA39008C8464 /* QNLiveError.h */ = {isa = PBXFileReference; lastKnownFileType = sourcecode.c.h; path = QNLiveError.h; sourceTree = "<group>"; };
		48D4AC2A294AAA39008C8464 /* QNLiveError.m */ = {isa = PBXFileReference; lastKnownFileType = sourcecode.c.objc; path = QNLiveError.m; sourceTree = "<group>"; };
		77062FB0287EA0A300E9FD7D /* GoodsModel.h */ = {isa = PBXFileReference; lastKnownFileType = sourcecode.c.h; path = GoodsModel.h; sourceTree = "<group>"; };
		77062FB1287EA0A300E9FD7D /* GoodsModel.m */ = {isa = PBXFileReference; lastKnownFileType = sourcecode.c.objc; path = GoodsModel.m; sourceTree = "<group>"; };
		77204D4C285873BF0053B1AD /* QRooms.h */ = {isa = PBXFileReference; lastKnownFileType = sourcecode.c.h; path = QRooms.h; sourceTree = "<group>"; };
		77204D4D285873BF0053B1AD /* QRooms.m */ = {isa = PBXFileReference; lastKnownFileType = sourcecode.c.objc; path = QRooms.m; sourceTree = "<group>"; };
		77204D79285F97A20053B1AD /* PubChatModel.h */ = {isa = PBXFileReference; fileEncoding = 4; lastKnownFileType = sourcecode.c.h; path = PubChatModel.h; sourceTree = "<group>"; };
		77204D7C285F97A20053B1AD /* QInvitationModel.h */ = {isa = PBXFileReference; fileEncoding = 4; lastKnownFileType = sourcecode.c.h; path = QInvitationModel.h; sourceTree = "<group>"; };
		77204D7D285F97A20053B1AD /* QIMModel.m */ = {isa = PBXFileReference; fileEncoding = 4; lastKnownFileType = sourcecode.c.objc; path = QIMModel.m; sourceTree = "<group>"; };
		77204D7E285F97A20053B1AD /* PubChatModel.m */ = {isa = PBXFileReference; fileEncoding = 4; lastKnownFileType = sourcecode.c.objc; path = PubChatModel.m; sourceTree = "<group>"; };
		77204D81285F97A20053B1AD /* QIMModel.h */ = {isa = PBXFileReference; fileEncoding = 4; lastKnownFileType = sourcecode.c.h; path = QIMModel.h; sourceTree = "<group>"; };
		77204D82285F97A20053B1AD /* QInvitationModel.m */ = {isa = PBXFileReference; fileEncoding = 4; lastKnownFileType = sourcecode.c.objc; path = QInvitationModel.m; sourceTree = "<group>"; };
		77204D95285F9AF50053B1AD /* LinkOptionModel.h */ = {isa = PBXFileReference; lastKnownFileType = sourcecode.c.h; path = LinkOptionModel.h; sourceTree = "<group>"; };
		77204D96285F9AF50053B1AD /* LinkOptionModel.m */ = {isa = PBXFileReference; lastKnownFileType = sourcecode.c.objc; path = LinkOptionModel.m; sourceTree = "<group>"; };
		774E641F284DF8E800C9FB7F /* QMixStreamManager.m */ = {isa = PBXFileReference; fileEncoding = 4; lastKnownFileType = sourcecode.c.objc; path = QMixStreamManager.m; sourceTree = "<group>"; };
		774E6420284DF8E800C9FB7F /* QMixStreamManager.h */ = {isa = PBXFileReference; fileEncoding = 4; lastKnownFileType = sourcecode.c.h; path = QMixStreamManager.h; sourceTree = "<group>"; };
		776B1C49283C78D800D85C73 /* QNLiveKit.framework */ = {isa = PBXFileReference; explicitFileType = wrapper.framework; includeInIndex = 0; path = QNLiveKit.framework; sourceTree = BUILT_PRODUCTS_DIR; };
		776B1C4C283C78D800D85C73 /* QNLiveKit.h */ = {isa = PBXFileReference; lastKnownFileType = sourcecode.c.h; path = QNLiveKit.h; sourceTree = "<group>"; };
		776B1C4D283C78D800D85C73 /* QNLiveKit.docc */ = {isa = PBXFileReference; lastKnownFileType = folder.documentationcatalog; path = QNLiveKit.docc; sourceTree = "<group>"; };
		776B1C53283C78D800D85C73 /* QNLiveKitTests.xctest */ = {isa = PBXFileReference; explicitFileType = wrapper.cfbundle; includeInIndex = 0; path = QNLiveKitTests.xctest; sourceTree = BUILT_PRODUCTS_DIR; };
		776B1C58283C78D800D85C73 /* QNLiveKitTests.m */ = {isa = PBXFileReference; lastKnownFileType = sourcecode.c.objc; path = QNLiveKitTests.m; sourceTree = "<group>"; };
		776B1C6C283C792B00D85C73 /* QLive.h */ = {isa = PBXFileReference; lastKnownFileType = sourcecode.c.h; path = QLive.h; sourceTree = "<group>"; };
		776B1C6D283C792B00D85C73 /* QLive.m */ = {isa = PBXFileReference; lastKnownFileType = sourcecode.c.objc; path = QLive.m; sourceTree = "<group>"; };
		776B1C71283C79BB00D85C73 /* QNCreateRoomParam.h */ = {isa = PBXFileReference; lastKnownFileType = sourcecode.c.h; path = QNCreateRoomParam.h; sourceTree = "<group>"; };
		776B1C72283C79BB00D85C73 /* QNCreateRoomParam.m */ = {isa = PBXFileReference; lastKnownFileType = sourcecode.c.objc; path = QNCreateRoomParam.m; sourceTree = "<group>"; };
		776B1C75283C79DB00D85C73 /* QNLiveRoomInfo.h */ = {isa = PBXFileReference; lastKnownFileType = sourcecode.c.h; path = QNLiveRoomInfo.h; sourceTree = "<group>"; };
		776B1C76283C79DB00D85C73 /* QNLiveRoomInfo.m */ = {isa = PBXFileReference; lastKnownFileType = sourcecode.c.objc; path = QNLiveRoomInfo.m; sourceTree = "<group>"; };
		776B1C80283CB2AA00D85C73 /* QNLiveUser.h */ = {isa = PBXFileReference; lastKnownFileType = sourcecode.c.h; path = QNLiveUser.h; sourceTree = "<group>"; };
		776B1C81283CB2AA00D85C73 /* QNLiveUser.m */ = {isa = PBXFileReference; lastKnownFileType = sourcecode.c.objc; path = QNLiveUser.m; sourceTree = "<group>"; };
		776B1C84283CB60D00D85C73 /* QNLiveRoomClient.h */ = {isa = PBXFileReference; lastKnownFileType = sourcecode.c.h; path = QNLiveRoomClient.h; sourceTree = "<group>"; };
		776B1C85283CB60D00D85C73 /* QNLiveRoomClient.m */ = {isa = PBXFileReference; lastKnownFileType = sourcecode.c.objc; path = QNLiveRoomClient.m; sourceTree = "<group>"; };
		776B1C88283CB6B300D85C73 /* QNLiveService.h */ = {isa = PBXFileReference; lastKnownFileType = sourcecode.c.h; path = QNLiveService.h; sourceTree = "<group>"; };
		776B1C89283CB6B300D85C73 /* QNLiveService.m */ = {isa = PBXFileReference; lastKnownFileType = sourcecode.c.objc; path = QNLiveService.m; sourceTree = "<group>"; };
		776B1C8C283CBB2100D85C73 /* QNLivePushClient.h */ = {isa = PBXFileReference; lastKnownFileType = sourcecode.c.h; path = QNLivePushClient.h; sourceTree = "<group>"; };
		776B1C8D283CBB2100D85C73 /* QNLivePushClient.m */ = {isa = PBXFileReference; lastKnownFileType = sourcecode.c.objc; path = QNLivePushClient.m; sourceTree = "<group>"; };
		776B1C90283CBBA100D85C73 /* QNCameraParams.h */ = {isa = PBXFileReference; lastKnownFileType = sourcecode.c.h; path = QNCameraParams.h; sourceTree = "<group>"; };
		776B1C91283CBBA100D85C73 /* QNCameraParams.m */ = {isa = PBXFileReference; lastKnownFileType = sourcecode.c.objc; path = QNCameraParams.m; sourceTree = "<group>"; };
		776B1C94283CBBB800D85C73 /* QNMicrophoneParams.h */ = {isa = PBXFileReference; lastKnownFileType = sourcecode.c.h; path = QNMicrophoneParams.h; sourceTree = "<group>"; };
		776B1C95283CBBB800D85C73 /* QNMicrophoneParams.m */ = {isa = PBXFileReference; lastKnownFileType = sourcecode.c.objc; path = QNMicrophoneParams.m; sourceTree = "<group>"; };
		776B1CAA283CC6EC00D85C73 /* QLiveNetworkUtil.h */ = {isa = PBXFileReference; lastKnownFileType = sourcecode.c.h; path = QLiveNetworkUtil.h; sourceTree = "<group>"; };
		776B1CAB283CC6EC00D85C73 /* QLiveNetworkUtil.m */ = {isa = PBXFileReference; lastKnownFileType = sourcecode.c.objc; path = QLiveNetworkUtil.m; sourceTree = "<group>"; };
		776B1CAE283CC87000D85C73 /* QNLivePrefixHeader.pch */ = {isa = PBXFileReference; lastKnownFileType = sourcecode.c.h; path = QNLivePrefixHeader.pch; sourceTree = "<group>"; };
		776B1CC5283CFCF200D85C73 /* QNLiveTypeDefines.h */ = {isa = PBXFileReference; lastKnownFileType = sourcecode.c.h; path = QNLiveTypeDefines.h; sourceTree = "<group>"; };
		776B1CC6283CFEE800D85C73 /* QNLivePullClient.h */ = {isa = PBXFileReference; lastKnownFileType = sourcecode.c.h; path = QNLivePullClient.h; sourceTree = "<group>"; };
		776B1CC7283CFEE800D85C73 /* QNLivePullClient.m */ = {isa = PBXFileReference; lastKnownFileType = sourcecode.c.objc; path = QNLivePullClient.m; sourceTree = "<group>"; };
		776B1CCF283D010D00D85C73 /* QNMicLinker.h */ = {isa = PBXFileReference; lastKnownFileType = sourcecode.c.h; path = QNMicLinker.h; sourceTree = "<group>"; };
		776B1CD0283D010D00D85C73 /* QNMicLinker.m */ = {isa = PBXFileReference; lastKnownFileType = sourcecode.c.objc; path = QNMicLinker.m; sourceTree = "<group>"; };
		776B1CD3283D024E00D85C73 /* QLinkMicService.h */ = {isa = PBXFileReference; lastKnownFileType = sourcecode.c.h; path = QLinkMicService.h; sourceTree = "<group>"; };
		776B1CD4283D024E00D85C73 /* QLinkMicService.m */ = {isa = PBXFileReference; lastKnownFileType = sourcecode.c.objc; path = QLinkMicService.m; sourceTree = "<group>"; };
		776B1CEC283D0D8100D85C73 /* QNMergeOption.h */ = {isa = PBXFileReference; lastKnownFileType = sourcecode.c.h; path = QNMergeOption.h; sourceTree = "<group>"; };
		776B1CED283D0D8100D85C73 /* QNMergeOption.m */ = {isa = PBXFileReference; lastKnownFileType = sourcecode.c.objc; path = QNMergeOption.m; sourceTree = "<group>"; };
		776B1CF0283D0F2000D85C73 /* LinkInvitation.h */ = {isa = PBXFileReference; lastKnownFileType = sourcecode.c.h; path = LinkInvitation.h; sourceTree = "<group>"; };
		776B1CF1283D0F2000D85C73 /* LinkInvitation.m */ = {isa = PBXFileReference; lastKnownFileType = sourcecode.c.objc; path = LinkInvitation.m; sourceTree = "<group>"; };
		777366992873E2F300245EDB /* AssetsLibrary.framework */ = {isa = PBXFileReference; lastKnownFileType = wrapper.framework; name = AssetsLibrary.framework; path = Platforms/MacOSX.platform/Developer/SDKs/MacOSX12.1.sdk/System/iOSSupport/System/Library/Frameworks/AssetsLibrary.framework; sourceTree = DEVELOPER_DIR; };
		77781C08283D1337009DC71C /* QNPKSession.h */ = {isa = PBXFileReference; lastKnownFileType = sourcecode.c.h; path = QNPKSession.h; sourceTree = "<group>"; };
		77781C09283D1337009DC71C /* QNPKSession.m */ = {isa = PBXFileReference; lastKnownFileType = sourcecode.c.objc; path = QNPKSession.m; sourceTree = "<group>"; };
		77781C0C283DD181009DC71C /* QPKService.h */ = {isa = PBXFileReference; lastKnownFileType = sourcecode.c.h; path = QPKService.h; sourceTree = "<group>"; };
		77781C0D283DD181009DC71C /* QPKService.m */ = {isa = PBXFileReference; lastKnownFileType = sourcecode.c.objc; path = QPKService.m; sourceTree = "<group>"; };
		77781C1E283DD63C009DC71C /* QNChatRoomService.h */ = {isa = PBXFileReference; lastKnownFileType = sourcecode.c.h; path = QNChatRoomService.h; sourceTree = "<group>"; };
		77781C1F283DD63C009DC71C /* QNChatRoomService.m */ = {isa = PBXFileReference; lastKnownFileType = sourcecode.c.objc; path = QNChatRoomService.m; sourceTree = "<group>"; };
		77781C3F283DE000009DC71C /* Extension.h */ = {isa = PBXFileReference; lastKnownFileType = sourcecode.c.h; path = Extension.h; sourceTree = "<group>"; };
		77781C40283DE000009DC71C /* Extension.m */ = {isa = PBXFileReference; lastKnownFileType = sourcecode.c.objc; path = Extension.m; sourceTree = "<group>"; };
		77A11CC72889385800020149 /* QShopService.h */ = {isa = PBXFileReference; lastKnownFileType = sourcecode.c.h; path = QShopService.h; sourceTree = "<group>"; };
		77A11CC82889385800020149 /* QShopService.m */ = {isa = PBXFileReference; lastKnownFileType = sourcecode.c.objc; path = QShopService.m; sourceTree = "<group>"; };
		77A8D26D28782DF0001A3C2C /* AssetsLibrary.framework */ = {isa = PBXFileReference; lastKnownFileType = wrapper.framework; name = AssetsLibrary.framework; path = Platforms/MacOSX.platform/Developer/SDKs/MacOSX12.3.sdk/System/iOSSupport/System/Library/Frameworks/AssetsLibrary.framework; sourceTree = DEVELOPER_DIR; };
		77BE1F0728C7342A007557E9 /* QRoomDataModel.h */ = {isa = PBXFileReference; lastKnownFileType = sourcecode.c.h; path = QRoomDataModel.h; sourceTree = "<group>"; };
		77BE1F0828C7342A007557E9 /* QRoomDataModel.m */ = {isa = PBXFileReference; lastKnownFileType = sourcecode.c.objc; path = QRoomDataModel.m; sourceTree = "<group>"; };
		77BE232328CB4424007557E9 /* QStatisticalService.h */ = {isa = PBXFileReference; lastKnownFileType = sourcecode.c.h; path = QStatisticalService.h; sourceTree = "<group>"; };
		77BE232428CB4424007557E9 /* QStatisticalService.m */ = {isa = PBXFileReference; lastKnownFileType = sourcecode.c.objc; path = QStatisticalService.m; sourceTree = "<group>"; };
		77BE24E028FFED50007557E9 /* QNGiftModel.h */ = {isa = PBXFileReference; fileEncoding = 4; lastKnownFileType = sourcecode.c.h; path = QNGiftModel.h; sourceTree = "<group>"; };
		77BE24E928FFED50007557E9 /* QNGiftModel.m */ = {isa = PBXFileReference; fileEncoding = 4; lastKnownFileType = sourcecode.c.objc; path = QNGiftModel.m; sourceTree = "<group>"; };
		93FD8D2BCC60F127C6FB7DA1 /* Pods_QNLiveKit.framework */ = {isa = PBXFileReference; explicitFileType = wrapper.framework; includeInIndex = 0; path = Pods_QNLiveKit.framework; sourceTree = BUILT_PRODUCTS_DIR; };
		948C15C1847BC94017A63290 /* Pods_QNLiveKitTests.framework */ = {isa = PBXFileReference; explicitFileType = wrapper.framework; includeInIndex = 0; path = Pods_QNLiveKitTests.framework; sourceTree = BUILT_PRODUCTS_DIR; };
		A065A22036BD2AFE4FD60568 /* Pods-QNLiveKit.release.xcconfig */ = {isa = PBXFileReference; includeInIndex = 1; lastKnownFileType = text.xcconfig; name = "Pods-QNLiveKit.release.xcconfig"; path = "Target Support Files/Pods-QNLiveKit/Pods-QNLiveKit.release.xcconfig"; sourceTree = "<group>"; };
		AADF4E1ADDF332CEBB7AA08F /* Pods-QNLiveKitTests.debug.xcconfig */ = {isa = PBXFileReference; includeInIndex = 1; lastKnownFileType = text.xcconfig; name = "Pods-QNLiveKitTests.debug.xcconfig"; path = "Target Support Files/Pods-QNLiveKitTests/Pods-QNLiveKitTests.debug.xcconfig"; sourceTree = "<group>"; };
		E7FA04C2FAD7C9E74332DF0F /* Pods-QNLiveKit.debug.xcconfig */ = {isa = PBXFileReference; includeInIndex = 1; lastKnownFileType = text.xcconfig; name = "Pods-QNLiveKit.debug.xcconfig"; path = "Target Support Files/Pods-QNLiveKit/Pods-QNLiveKit.debug.xcconfig"; sourceTree = "<group>"; };
/* End PBXFileReference section */

/* Begin PBXFrameworksBuildPhase section */
		776B1C46283C78D800D85C73 /* Frameworks */ = {
			isa = PBXFrameworksBuildPhase;
			buildActionMask = 2147483647;
			files = (
				77A8D26E28782DF0001A3C2C /* AssetsLibrary.framework in Frameworks */,
				48C83DD82940C1E40002C11B /* PLSTArEffects.framework in Frameworks */,
				48B937D029271CC20014D671 /* MapKit.framework in Frameworks */,
				48C83DD92940C1E40002C11B /* QNIMSDK.framework in Frameworks */,
				48B937CA29271C520014D671 /* CoreServices.framework in Frameworks */,
				1C8BF6600F88D523C0391268 /* Pods_QNLiveKit.framework in Frameworks */,
			);
			runOnlyForDeploymentPostprocessing = 0;
		};
		776B1C50283C78D800D85C73 /* Frameworks */ = {
			isa = PBXFrameworksBuildPhase;
			buildActionMask = 2147483647;
			files = (
				776B1C54283C78D800D85C73 /* QNLiveKit.framework in Frameworks */,
				F18E863D1EEF8227B50115B4 /* Pods_QNLiveKitTests.framework in Frameworks */,
			);
			runOnlyForDeploymentPostprocessing = 0;
		};
/* End PBXFrameworksBuildPhase section */

/* Begin PBXGroup section */
		48B93881292E12BC0014D671 /* Gift */ = {
			isa = PBXGroup;
			children = (
				77BE24E028FFED50007557E9 /* QNGiftModel.h */,
				77BE24E928FFED50007557E9 /* QNGiftModel.m */,
				48B93882292E12DA0014D671 /* QNGiftService.h */,
				48B93883292E12DA0014D671 /* QNGiftService.m */,
			);
			path = Gift;
			sourceTree = "<group>";
		};
		48B93886292E263F0014D671 /* User */ = {
			isa = PBXGroup;
			children = (
				48B93887292E26590014D671 /* QNUserService.h */,
				48B93888292E26590014D671 /* QNUserService.m */,
			);
			path = User;
			sourceTree = "<group>";
		};
		48B9389D292F55510014D671 /* Like */ = {
			isa = PBXGroup;
			children = (
				48B9389E292F55640014D671 /* QNLikeService.h */,
				48B9389F292F55640014D671 /* QNLikeService.m */,
				48B938A2292F5C0E0014D671 /* QNLikeResult.h */,
				48B938A3292F5C0E0014D671 /* QNLikeResult.m */,
				48B938AF292F8EF10014D671 /* QNLikeNotify.h */,
				48B938B0292F8EF10014D671 /* QNLikeNotify.m */,
			);
			path = Like;
			sourceTree = "<group>";
		};
		48D4AC152949B888008C8464 /* App */ = {
			isa = PBXGroup;
			children = (
				48D4AC1E2949D288008C8464 /* QNAppService.h */,
				48D4AC1F2949D288008C8464 /* QNAppService.m */,
			);
			path = App;
			sourceTree = "<group>";
		};
		48D4AC24294AA807008C8464 /* Errors */ = {
			isa = PBXGroup;
			children = (
				48D4AC29294AAA39008C8464 /* QNLiveError.h */,
				48D4AC2A294AAA39008C8464 /* QNLiveError.m */,
			);
			path = Errors;
			sourceTree = "<group>";
		};
		77062FAF287EA08400E9FD7D /* Model */ = {
			isa = PBXGroup;
			children = (
				77062FB0287EA0A300E9FD7D /* GoodsModel.h */,
				77062FB1287EA0A300E9FD7D /* GoodsModel.m */,
			);
			path = Model;
			sourceTree = "<group>";
		};
		77204D78285F97A20053B1AD /* Model */ = {
			isa = PBXGroup;
			children = (
				77204D79285F97A20053B1AD /* PubChatModel.h */,
				77204D7E285F97A20053B1AD /* PubChatModel.m */,
				77204D95285F9AF50053B1AD /* LinkOptionModel.h */,
				77204D96285F9AF50053B1AD /* LinkOptionModel.m */,
				77204D81285F97A20053B1AD /* QIMModel.h */,
				77204D7D285F97A20053B1AD /* QIMModel.m */,
				77204D7C285F97A20053B1AD /* QInvitationModel.h */,
				77204D82285F97A20053B1AD /* QInvitationModel.m */,
				48B9388B292E399E0014D671 /* QNGiftMsgModel.h */,
				48B9388C292E399E0014D671 /* QNGiftMsgModel.m */,
			);
			path = Model;
			sourceTree = "<group>";
		};
		776B1C3F283C78D800D85C73 = {
			isa = PBXGroup;
			children = (
				776B1C4B283C78D800D85C73 /* QNLiveKit */,
				776B1C57283C78D800D85C73 /* QNLiveKitTests */,
				776B1C4A283C78D800D85C73 /* Products */,
				F3411CD1B7D2078452FF96F4 /* Frameworks */,
				E81476773C4F47A02AE7BF5E /* Pods */,
			);
			sourceTree = "<group>";
		};
		776B1C4A283C78D800D85C73 /* Products */ = {
			isa = PBXGroup;
			children = (
				776B1C49283C78D800D85C73 /* QNLiveKit.framework */,
				776B1C53283C78D800D85C73 /* QNLiveKitTests.xctest */,
			);
			name = Products;
			sourceTree = "<group>";
		};
		776B1C4B283C78D800D85C73 /* QNLiveKit */ = {
			isa = PBXGroup;
			children = (
				48C83DD62940C1E40002C11B /* PLSTArEffects.framework */,
				48C83DD72940C1E40002C11B /* QNIMSDK.framework */,
				48D4AC152949B888008C8464 /* App */,
				48D4AC24294AA807008C8464 /* Errors */,
				48B9389D292F55510014D671 /* Like */,
				48B93886292E263F0014D671 /* User */,
				48B93881292E12BC0014D671 /* Gift */,
				776B1CCC283D008500D85C73 /* LiveRoom */,
				776B1CCD283D00DB00D85C73 /* LinkMic */,
				77A11CCC288950B700020149 /* Shop */,
				77781C06283D1313009DC71C /* PK */,
				77781C1C283DD5FF009DC71C /* Chat */,
				77BE232228CB43E2007557E9 /* Statistical */,
				776B1CA5283CC68000D85C73 /* Tools */,
				776B1C6C283C792B00D85C73 /* QLive.h */,
				776B1C6D283C792B00D85C73 /* QLive.m */,
				776B1C4C283C78D800D85C73 /* QNLiveKit.h */,
				776B1CAE283CC87000D85C73 /* QNLivePrefixHeader.pch */,
				776B1C4D283C78D800D85C73 /* QNLiveKit.docc */,
				48D4AC1A2949B8EA008C8464 /* QLiveConfig.h */,
				48D4AC1B2949B8EA008C8464 /* QLiveConfig.m */,
			);
			path = QNLiveKit;
			sourceTree = "<group>";
		};
		776B1C57283C78D800D85C73 /* QNLiveKitTests */ = {
			isa = PBXGroup;
			children = (
				776B1C58283C78D800D85C73 /* QNLiveKitTests.m */,
			);
			path = QNLiveKitTests;
			sourceTree = "<group>";
		};
		776B1C70283C798900D85C73 /* Model */ = {
			isa = PBXGroup;
			children = (
				776B1CEC283D0D8100D85C73 /* QNMergeOption.h */,
				776B1CED283D0D8100D85C73 /* QNMergeOption.m */,
				776B1C71283C79BB00D85C73 /* QNCreateRoomParam.h */,
				776B1C72283C79BB00D85C73 /* QNCreateRoomParam.m */,
				776B1C75283C79DB00D85C73 /* QNLiveRoomInfo.h */,
				776B1C76283C79DB00D85C73 /* QNLiveRoomInfo.m */,
				776B1C80283CB2AA00D85C73 /* QNLiveUser.h */,
				776B1C81283CB2AA00D85C73 /* QNLiveUser.m */,
				776B1C90283CBBA100D85C73 /* QNCameraParams.h */,
				776B1C91283CBBA100D85C73 /* QNCameraParams.m */,
				776B1C94283CBBB800D85C73 /* QNMicrophoneParams.h */,
				776B1C95283CBBB800D85C73 /* QNMicrophoneParams.m */,
				77781C3F283DE000009DC71C /* Extension.h */,
				77781C40283DE000009DC71C /* Extension.m */,
				77BE1F0728C7342A007557E9 /* QRoomDataModel.h */,
				77BE1F0828C7342A007557E9 /* QRoomDataModel.m */,
			);
			path = Model;
			sourceTree = "<group>";
		};
		776B1CA5283CC68000D85C73 /* Tools */ = {
			isa = PBXGroup;
			children = (
				485F27202940E37E00484CB6 /* CreateSignalHandler.h */,
				485F27212940E37E00484CB6 /* CreateSignalHandler.m */,
				776B1CC5283CFCF200D85C73 /* QNLiveTypeDefines.h */,
				776B1CAA283CC6EC00D85C73 /* QLiveNetworkUtil.h */,
				776B1CAB283CC6EC00D85C73 /* QLiveNetworkUtil.m */,
			);
			path = Tools;
			sourceTree = "<group>";
		};
		776B1CCC283D008500D85C73 /* LiveRoom */ = {
			isa = PBXGroup;
			children = (
				776B1C70283C798900D85C73 /* Model */,
				774E6420284DF8E800C9FB7F /* QMixStreamManager.h */,
				774E641F284DF8E800C9FB7F /* QMixStreamManager.m */,
				776B1CC6283CFEE800D85C73 /* QNLivePullClient.h */,
				776B1CC7283CFEE800D85C73 /* QNLivePullClient.m */,
				776B1C8C283CBB2100D85C73 /* QNLivePushClient.h */,
				776B1C8D283CBB2100D85C73 /* QNLivePushClient.m */,
				776B1C84283CB60D00D85C73 /* QNLiveRoomClient.h */,
				776B1C85283CB60D00D85C73 /* QNLiveRoomClient.m */,
				776B1C88283CB6B300D85C73 /* QNLiveService.h */,
				776B1C89283CB6B300D85C73 /* QNLiveService.m */,
				77204D4C285873BF0053B1AD /* QRooms.h */,
				77204D4D285873BF0053B1AD /* QRooms.m */,
			);
			path = LiveRoom;
			sourceTree = "<group>";
		};
		776B1CCD283D00DB00D85C73 /* LinkMic */ = {
			isa = PBXGroup;
			children = (
				776B1CCE283D00F400D85C73 /* Model */,
				776B1CD3283D024E00D85C73 /* QLinkMicService.h */,
				776B1CD4283D024E00D85C73 /* QLinkMicService.m */,
			);
			path = LinkMic;
			sourceTree = "<group>";
		};
		776B1CCE283D00F400D85C73 /* Model */ = {
			isa = PBXGroup;
			children = (
				776B1CCF283D010D00D85C73 /* QNMicLinker.h */,
				776B1CD0283D010D00D85C73 /* QNMicLinker.m */,
				776B1CF0283D0F2000D85C73 /* LinkInvitation.h */,
				776B1CF1283D0F2000D85C73 /* LinkInvitation.m */,
			);
			path = Model;
			sourceTree = "<group>";
		};
		77781C06283D1313009DC71C /* PK */ = {
			isa = PBXGroup;
			children = (
				77781C07283D1322009DC71C /* Model */,
				77781C0C283DD181009DC71C /* QPKService.h */,
				77781C0D283DD181009DC71C /* QPKService.m */,
			);
			path = PK;
			sourceTree = "<group>";
		};
		77781C07283D1322009DC71C /* Model */ = {
			isa = PBXGroup;
			children = (
				77781C08283D1337009DC71C /* QNPKSession.h */,
				77781C09283D1337009DC71C /* QNPKSession.m */,
			);
			path = Model;
			sourceTree = "<group>";
		};
		77781C1C283DD5FF009DC71C /* Chat */ = {
			isa = PBXGroup;
			children = (
				77781C1E283DD63C009DC71C /* QNChatRoomService.h */,
				77781C1F283DD63C009DC71C /* QNChatRoomService.m */,
				77204D78285F97A20053B1AD /* Model */,
			);
			path = Chat;
			sourceTree = "<group>";
		};
		77A11CCC288950B700020149 /* Shop */ = {
			isa = PBXGroup;
			children = (
				77062FAF287EA08400E9FD7D /* Model */,
				77A11CC72889385800020149 /* QShopService.h */,
				77A11CC82889385800020149 /* QShopService.m */,
			);
			path = Shop;
			sourceTree = "<group>";
		};
		77BE232228CB43E2007557E9 /* Statistical */ = {
			isa = PBXGroup;
			children = (
				77BE232328CB4424007557E9 /* QStatisticalService.h */,
				77BE232428CB4424007557E9 /* QStatisticalService.m */,
			);
			path = Statistical;
			sourceTree = "<group>";
		};
		E81476773C4F47A02AE7BF5E /* Pods */ = {
			isa = PBXGroup;
			children = (
				E7FA04C2FAD7C9E74332DF0F /* Pods-QNLiveKit.debug.xcconfig */,
				A065A22036BD2AFE4FD60568 /* Pods-QNLiveKit.release.xcconfig */,
				AADF4E1ADDF332CEBB7AA08F /* Pods-QNLiveKitTests.debug.xcconfig */,
				081F7CF449622E077318EFB5 /* Pods-QNLiveKitTests.release.xcconfig */,
			);
			path = Pods;
			sourceTree = "<group>";
		};
		F3411CD1B7D2078452FF96F4 /* Frameworks */ = {
			isa = PBXGroup;
			children = (
				48B937CF29271CC20014D671 /* MapKit.framework */,
				48B937C929271C520014D671 /* CoreServices.framework */,
				777366992873E2F300245EDB /* AssetsLibrary.framework */,
				77A8D26D28782DF0001A3C2C /* AssetsLibrary.framework */,
				93FD8D2BCC60F127C6FB7DA1 /* Pods_QNLiveKit.framework */,
				948C15C1847BC94017A63290 /* Pods_QNLiveKitTests.framework */,
			);
			name = Frameworks;
			sourceTree = "<group>";
		};
/* End PBXGroup section */

/* Begin PBXHeadersBuildPhase section */
		776B1C44283C78D800D85C73 /* Headers */ = {
			isa = PBXHeadersBuildPhase;
			buildActionMask = 2147483647;
			files = (
				48D4AC2B294AAA39008C8464 /* QNLiveError.h in Headers */,
				48D4AC1C2949B8EA008C8464 /* QLiveConfig.h in Headers */,
				48D4AC202949D288008C8464 /* QNAppService.h in Headers */,
				776B1C73283C79BB00D85C73 /* QNCreateRoomParam.h in Headers */,
				48D31E0A2940E754005303A2 /* CreateSignalHandler.h in Headers */,
				776B1C6E283C792B00D85C73 /* QLive.h in Headers */,
				776B1C77283C79DB00D85C73 /* QNLiveRoomInfo.h in Headers */,
				77204D8B285F97A20053B1AD /* QIMModel.h in Headers */,
				776B1C82283CB2AA00D85C73 /* QNLiveUser.h in Headers */,
				776B1C5A283C78D800D85C73 /* QNLiveKit.h in Headers */,
				776B1C86283CB60D00D85C73 /* QNLiveRoomClient.h in Headers */,
				776B1C8E283CBB2100D85C73 /* QNLivePushClient.h in Headers */,
				776B1C92283CBBA100D85C73 /* QNCameraParams.h in Headers */,
				77781C0A283D1337009DC71C /* QNPKSession.h in Headers */,
				77781C0E283DD181009DC71C /* QPKService.h in Headers */,
				776B1CEE283D0D8100D85C73 /* QNMergeOption.h in Headers */,
				77781C20283DD63C009DC71C /* QNChatRoomService.h in Headers */,
				776B1CF2283D0F2000D85C73 /* LinkInvitation.h in Headers */,
				776B1C96283CBBB800D85C73 /* QNMicrophoneParams.h in Headers */,
				77781CE728449A60009DC71C /* QNLiveTypeDefines.h in Headers */,
				776B1C8A283CB6B300D85C73 /* QNLiveService.h in Headers */,
				776B1CC8283CFEE800D85C73 /* QNLivePullClient.h in Headers */,
				776B1CAF283CC87000D85C73 /* QNLivePrefixHeader.pch in Headers */,
				776B1CAC283CC6EC00D85C73 /* QLiveNetworkUtil.h in Headers */,
				776B1CD5283D024E00D85C73 /* QLinkMicService.h in Headers */,
				776B1CD1283D010D00D85C73 /* QNMicLinker.h in Headers */,
				774E6422284DF8E800C9FB7F /* QMixStreamManager.h in Headers */,
				77204D83285F97A20053B1AD /* PubChatModel.h in Headers */,
				77204D86285F97A20053B1AD /* QInvitationModel.h in Headers */,
				77062FB2287EA0A300E9FD7D /* GoodsModel.h in Headers */,
				77204D97285F9AF50053B1AD /* LinkOptionModel.h in Headers */,
				77BE24F528FFED50007557E9 /* QNGiftModel.h in Headers */,
				77A11CC92889385800020149 /* QShopService.h in Headers */,
				48B938A4292F5C0E0014D671 /* QNLikeResult.h in Headers */,
				48B9388D292E399E0014D671 /* QNGiftMsgModel.h in Headers */,
				48B93889292E26590014D671 /* QNUserService.h in Headers */,
				77204D4E285873BF0053B1AD /* QRooms.h in Headers */,
				48B938B1292F8EF10014D671 /* QNLikeNotify.h in Headers */,
				48B93884292E12DA0014D671 /* QNGiftService.h in Headers */,
				48B938A0292F55640014D671 /* QNLikeService.h in Headers */,
				77BE1F0928C7342A007557E9 /* QRoomDataModel.h in Headers */,
				77BE232528CB4424007557E9 /* QStatisticalService.h in Headers */,
				77781C41283DE000009DC71C /* Extension.h in Headers */,
			);
			runOnlyForDeploymentPostprocessing = 0;
		};
/* End PBXHeadersBuildPhase section */

/* Begin PBXNativeTarget section */
		776B1C48283C78D800D85C73 /* QNLiveKit */ = {
			isa = PBXNativeTarget;
			buildConfigurationList = 776B1C5D283C78D800D85C73 /* Build configuration list for PBXNativeTarget "QNLiveKit" */;
			buildPhases = (
				C2DEC175F4CF97D01D971DD5 /* [CP] Check Pods Manifest.lock */,
				776B1C44283C78D800D85C73 /* Headers */,
				776B1C45283C78D800D85C73 /* Sources */,
				776B1C46283C78D800D85C73 /* Frameworks */,
				776B1C47283C78D800D85C73 /* Resources */,
				777188F22864554E00C5CABC /* CopyFiles */,
				773D5131288F9D2E004B2D5F /* Embed Frameworks */,
			);
			buildRules = (
			);
			dependencies = (
			);
			name = QNLiveKit;
			productName = QNLiveKit;
			productReference = 776B1C49283C78D800D85C73 /* QNLiveKit.framework */;
			productType = "com.apple.product-type.framework";
		};
		776B1C52283C78D800D85C73 /* QNLiveKitTests */ = {
			isa = PBXNativeTarget;
			buildConfigurationList = 776B1C60283C78D800D85C73 /* Build configuration list for PBXNativeTarget "QNLiveKitTests" */;
			buildPhases = (
				8600E64F92997EF7DE213863 /* [CP] Check Pods Manifest.lock */,
				776B1C4F283C78D800D85C73 /* Sources */,
				776B1C50283C78D800D85C73 /* Frameworks */,
				776B1C51283C78D800D85C73 /* Resources */,
			);
			buildRules = (
			);
			dependencies = (
				776B1C56283C78D800D85C73 /* PBXTargetDependency */,
			);
			name = QNLiveKitTests;
			productName = QNLiveKitTests;
			productReference = 776B1C53283C78D800D85C73 /* QNLiveKitTests.xctest */;
			productType = "com.apple.product-type.bundle.unit-test";
		};
/* End PBXNativeTarget section */

/* Begin PBXProject section */
		776B1C40283C78D800D85C73 /* Project object */ = {
			isa = PBXProject;
			attributes = {
				BuildIndependentTargetsInParallel = 1;
				LastUpgradeCheck = 1320;
				TargetAttributes = {
					776B1C48283C78D800D85C73 = {
						CreatedOnToolsVersion = 13.2.1;
					};
					776B1C52283C78D800D85C73 = {
						CreatedOnToolsVersion = 13.2.1;
					};
				};
			};
			buildConfigurationList = 776B1C43283C78D800D85C73 /* Build configuration list for PBXProject "QNLiveKit" */;
			compatibilityVersion = "Xcode 13.0";
			developmentRegion = en;
			hasScannedForEncodings = 0;
			knownRegions = (
				en,
				Base,
			);
			mainGroup = 776B1C3F283C78D800D85C73;
			productRefGroup = 776B1C4A283C78D800D85C73 /* Products */;
			projectDirPath = "";
			projectRoot = "";
			targets = (
				776B1C48283C78D800D85C73 /* QNLiveKit */,
				776B1C52283C78D800D85C73 /* QNLiveKitTests */,
			);
		};
/* End PBXProject section */

/* Begin PBXResourcesBuildPhase section */
		776B1C47283C78D800D85C73 /* Resources */ = {
			isa = PBXResourcesBuildPhase;
			buildActionMask = 2147483647;
			files = (
			);
			runOnlyForDeploymentPostprocessing = 0;
		};
		776B1C51283C78D800D85C73 /* Resources */ = {
			isa = PBXResourcesBuildPhase;
			buildActionMask = 2147483647;
			files = (
			);
			runOnlyForDeploymentPostprocessing = 0;
		};
/* End PBXResourcesBuildPhase section */

/* Begin PBXShellScriptBuildPhase section */
		8600E64F92997EF7DE213863 /* [CP] Check Pods Manifest.lock */ = {
			isa = PBXShellScriptBuildPhase;
			buildActionMask = 2147483647;
			files = (
			);
			inputFileListPaths = (
			);
			inputPaths = (
				"${PODS_PODFILE_DIR_PATH}/Podfile.lock",
				"${PODS_ROOT}/Manifest.lock",
			);
			name = "[CP] Check Pods Manifest.lock";
			outputFileListPaths = (
			);
			outputPaths = (
				"$(DERIVED_FILE_DIR)/Pods-QNLiveKitTests-checkManifestLockResult.txt",
			);
			runOnlyForDeploymentPostprocessing = 0;
			shellPath = /bin/sh;
			shellScript = "diff \"${PODS_PODFILE_DIR_PATH}/Podfile.lock\" \"${PODS_ROOT}/Manifest.lock\" > /dev/null\nif [ $? != 0 ] ; then\n    # print error to STDERR\n    echo \"error: The sandbox is not in sync with the Podfile.lock. Run 'pod install' or update your CocoaPods installation.\" >&2\n    exit 1\nfi\n# This output is used by Xcode 'outputs' to avoid re-running this script phase.\necho \"SUCCESS\" > \"${SCRIPT_OUTPUT_FILE_0}\"\n";
			showEnvVarsInLog = 0;
		};
		C2DEC175F4CF97D01D971DD5 /* [CP] Check Pods Manifest.lock */ = {
			isa = PBXShellScriptBuildPhase;
			buildActionMask = 2147483647;
			files = (
			);
			inputFileListPaths = (
			);
			inputPaths = (
				"${PODS_PODFILE_DIR_PATH}/Podfile.lock",
				"${PODS_ROOT}/Manifest.lock",
			);
			name = "[CP] Check Pods Manifest.lock";
			outputFileListPaths = (
			);
			outputPaths = (
				"$(DERIVED_FILE_DIR)/Pods-QNLiveKit-checkManifestLockResult.txt",
			);
			runOnlyForDeploymentPostprocessing = 0;
			shellPath = /bin/sh;
			shellScript = "diff \"${PODS_PODFILE_DIR_PATH}/Podfile.lock\" \"${PODS_ROOT}/Manifest.lock\" > /dev/null\nif [ $? != 0 ] ; then\n    # print error to STDERR\n    echo \"error: The sandbox is not in sync with the Podfile.lock. Run 'pod install' or update your CocoaPods installation.\" >&2\n    exit 1\nfi\n# This output is used by Xcode 'outputs' to avoid re-running this script phase.\necho \"SUCCESS\" > \"${SCRIPT_OUTPUT_FILE_0}\"\n";
			showEnvVarsInLog = 0;
		};
/* End PBXShellScriptBuildPhase section */

/* Begin PBXSourcesBuildPhase section */
		776B1C45283C78D800D85C73 /* Sources */ = {
			isa = PBXSourcesBuildPhase;
			buildActionMask = 2147483647;
			files = (
				774E6421284DF8E800C9FB7F /* QMixStreamManager.m in Sources */,
				77204D87285F97A20053B1AD /* QIMModel.m in Sources */,
				48D4AC1D2949B8EA008C8464 /* QLiveConfig.m in Sources */,
				776B1C74283C79BB00D85C73 /* QNCreateRoomParam.m in Sources */,
				48B9388A292E26590014D671 /* QNUserService.m in Sources */,
				485F27222940E37E00484CB6 /* CreateSignalHandler.m in Sources */,
				48B93885292E12DA0014D671 /* QNGiftService.m in Sources */,
				48B938A5292F5C0E0014D671 /* QNLikeResult.m in Sources */,
				776B1C93283CBBA100D85C73 /* QNCameraParams.m in Sources */,
				77BE24FE28FFED50007557E9 /* QNGiftModel.m in Sources */,
				776B1C83283CB2AA00D85C73 /* QNLiveUser.m in Sources */,
				77204D88285F97A20053B1AD /* PubChatModel.m in Sources */,
				776B1CAD283CC6EC00D85C73 /* QLiveNetworkUtil.m in Sources */,
				776B1CF3283D0F2000D85C73 /* LinkInvitation.m in Sources */,
				48D4AC2C294AAA39008C8464 /* QNLiveError.m in Sources */,
				776B1C8B283CB6B300D85C73 /* QNLiveService.m in Sources */,
				77BE1F0A28C7342A007557E9 /* QRoomDataModel.m in Sources */,
				77A11CCA2889385800020149 /* QShopService.m in Sources */,
				48B938B2292F8EF10014D671 /* QNLikeNotify.m in Sources */,
				776B1CC9283CFEE800D85C73 /* QNLivePullClient.m in Sources */,
				776B1C4E283C78D800D85C73 /* QNLiveKit.docc in Sources */,
				77781C0F283DD181009DC71C /* QPKService.m in Sources */,
				776B1C6F283C792B00D85C73 /* QLive.m in Sources */,
				776B1CD6283D024E00D85C73 /* QLinkMicService.m in Sources */,
				77204D8C285F97A20053B1AD /* QInvitationModel.m in Sources */,
				48B938A1292F55640014D671 /* QNLikeService.m in Sources */,
				776B1C78283C79DB00D85C73 /* QNLiveRoomInfo.m in Sources */,
				48D4AC212949D288008C8464 /* QNAppService.m in Sources */,
				776B1C87283CB60D00D85C73 /* QNLiveRoomClient.m in Sources */,
				77204D98285F9AF50053B1AD /* LinkOptionModel.m in Sources */,
				77781C21283DD63C009DC71C /* QNChatRoomService.m in Sources */,
				776B1CEF283D0D8100D85C73 /* QNMergeOption.m in Sources */,
				77BE232628CB4424007557E9 /* QStatisticalService.m in Sources */,
				77204D4F285873BF0053B1AD /* QRooms.m in Sources */,
				776B1C8F283CBB2100D85C73 /* QNLivePushClient.m in Sources */,
				776B1CD2283D010D00D85C73 /* QNMicLinker.m in Sources */,
				77781C0B283D1337009DC71C /* QNPKSession.m in Sources */,
				77781C42283DE000009DC71C /* Extension.m in Sources */,
				77062FB3287EA0A300E9FD7D /* GoodsModel.m in Sources */,
				776B1C97283CBBB800D85C73 /* QNMicrophoneParams.m in Sources */,
				48B9388E292E399E0014D671 /* QNGiftMsgModel.m in Sources */,
			);
			runOnlyForDeploymentPostprocessing = 0;
		};
		776B1C4F283C78D800D85C73 /* Sources */ = {
			isa = PBXSourcesBuildPhase;
			buildActionMask = 2147483647;
			files = (
				776B1C59283C78D800D85C73 /* QNLiveKitTests.m in Sources */,
			);
			runOnlyForDeploymentPostprocessing = 0;
		};
/* End PBXSourcesBuildPhase section */

/* Begin PBXTargetDependency section */
		776B1C56283C78D800D85C73 /* PBXTargetDependency */ = {
			isa = PBXTargetDependency;
			target = 776B1C48283C78D800D85C73 /* QNLiveKit */;
			targetProxy = 776B1C55283C78D800D85C73 /* PBXContainerItemProxy */;
		};
/* End PBXTargetDependency section */

/* Begin XCBuildConfiguration section */
		776B1C5B283C78D800D85C73 /* Debug */ = {
			isa = XCBuildConfiguration;
			buildSettings = {
				ALWAYS_SEARCH_USER_PATHS = NO;
				CLANG_ANALYZER_NONNULL = YES;
				CLANG_ANALYZER_NUMBER_OBJECT_CONVERSION = YES_AGGRESSIVE;
				CLANG_CXX_LANGUAGE_STANDARD = "gnu++17";
				CLANG_CXX_LIBRARY = "libc++";
				CLANG_ENABLE_MODULES = YES;
				CLANG_ENABLE_OBJC_ARC = YES;
				CLANG_ENABLE_OBJC_WEAK = YES;
				CLANG_WARN_BLOCK_CAPTURE_AUTORELEASING = YES;
				CLANG_WARN_BOOL_CONVERSION = YES;
				CLANG_WARN_COMMA = YES;
				CLANG_WARN_CONSTANT_CONVERSION = YES;
				CLANG_WARN_DEPRECATED_OBJC_IMPLEMENTATIONS = YES;
				CLANG_WARN_DIRECT_OBJC_ISA_USAGE = YES_ERROR;
				CLANG_WARN_DOCUMENTATION_COMMENTS = YES;
				CLANG_WARN_EMPTY_BODY = YES;
				CLANG_WARN_ENUM_CONVERSION = YES;
				CLANG_WARN_INFINITE_RECURSION = YES;
				CLANG_WARN_INT_CONVERSION = YES;
				CLANG_WARN_NON_LITERAL_NULL_CONVERSION = YES;
				CLANG_WARN_OBJC_IMPLICIT_RETAIN_SELF = YES;
				CLANG_WARN_OBJC_LITERAL_CONVERSION = YES;
				CLANG_WARN_OBJC_ROOT_CLASS = YES_ERROR;
				CLANG_WARN_QUOTED_INCLUDE_IN_FRAMEWORK_HEADER = YES;
				CLANG_WARN_RANGE_LOOP_ANALYSIS = YES;
				CLANG_WARN_STRICT_PROTOTYPES = YES;
				CLANG_WARN_SUSPICIOUS_MOVE = YES;
				CLANG_WARN_UNGUARDED_AVAILABILITY = YES_AGGRESSIVE;
				CLANG_WARN_UNREACHABLE_CODE = YES;
				CLANG_WARN__DUPLICATE_METHOD_MATCH = YES;
				COPY_PHASE_STRIP = NO;
				CURRENT_PROJECT_VERSION = 1;
				DEBUG_INFORMATION_FORMAT = dwarf;
				ENABLE_STRICT_OBJC_MSGSEND = YES;
				ENABLE_TESTABILITY = YES;
				GCC_C_LANGUAGE_STANDARD = gnu11;
				GCC_DYNAMIC_NO_PIC = NO;
				GCC_NO_COMMON_BLOCKS = YES;
				GCC_OPTIMIZATION_LEVEL = 0;
				GCC_PREPROCESSOR_DEFINITIONS = (
					"DEBUG=1",
					"$(inherited)",
				);
				GCC_WARN_64_TO_32_BIT_CONVERSION = YES;
				GCC_WARN_ABOUT_RETURN_TYPE = YES_ERROR;
				GCC_WARN_UNDECLARED_SELECTOR = YES;
				GCC_WARN_UNINITIALIZED_AUTOS = YES_AGGRESSIVE;
				GCC_WARN_UNUSED_FUNCTION = YES;
				GCC_WARN_UNUSED_VARIABLE = YES;
				IPHONEOS_DEPLOYMENT_TARGET = 15.2;
				MTL_ENABLE_DEBUG_INFO = INCLUDE_SOURCE;
				MTL_FAST_MATH = YES;
				ONLY_ACTIVE_ARCH = YES;
				SDKROOT = iphoneos;
				VERSIONING_SYSTEM = "apple-generic";
				VERSION_INFO_PREFIX = "";
			};
			name = Debug;
		};
		776B1C5C283C78D800D85C73 /* Release */ = {
			isa = XCBuildConfiguration;
			buildSettings = {
				ALWAYS_SEARCH_USER_PATHS = NO;
				CLANG_ANALYZER_NONNULL = YES;
				CLANG_ANALYZER_NUMBER_OBJECT_CONVERSION = YES_AGGRESSIVE;
				CLANG_CXX_LANGUAGE_STANDARD = "gnu++17";
				CLANG_CXX_LIBRARY = "libc++";
				CLANG_ENABLE_MODULES = YES;
				CLANG_ENABLE_OBJC_ARC = YES;
				CLANG_ENABLE_OBJC_WEAK = YES;
				CLANG_WARN_BLOCK_CAPTURE_AUTORELEASING = YES;
				CLANG_WARN_BOOL_CONVERSION = YES;
				CLANG_WARN_COMMA = YES;
				CLANG_WARN_CONSTANT_CONVERSION = YES;
				CLANG_WARN_DEPRECATED_OBJC_IMPLEMENTATIONS = YES;
				CLANG_WARN_DIRECT_OBJC_ISA_USAGE = YES_ERROR;
				CLANG_WARN_DOCUMENTATION_COMMENTS = YES;
				CLANG_WARN_EMPTY_BODY = YES;
				CLANG_WARN_ENUM_CONVERSION = YES;
				CLANG_WARN_INFINITE_RECURSION = YES;
				CLANG_WARN_INT_CONVERSION = YES;
				CLANG_WARN_NON_LITERAL_NULL_CONVERSION = YES;
				CLANG_WARN_OBJC_IMPLICIT_RETAIN_SELF = YES;
				CLANG_WARN_OBJC_LITERAL_CONVERSION = YES;
				CLANG_WARN_OBJC_ROOT_CLASS = YES_ERROR;
				CLANG_WARN_QUOTED_INCLUDE_IN_FRAMEWORK_HEADER = YES;
				CLANG_WARN_RANGE_LOOP_ANALYSIS = YES;
				CLANG_WARN_STRICT_PROTOTYPES = YES;
				CLANG_WARN_SUSPICIOUS_MOVE = YES;
				CLANG_WARN_UNGUARDED_AVAILABILITY = YES_AGGRESSIVE;
				CLANG_WARN_UNREACHABLE_CODE = YES;
				CLANG_WARN__DUPLICATE_METHOD_MATCH = YES;
				COPY_PHASE_STRIP = NO;
				CURRENT_PROJECT_VERSION = 1;
				DEBUG_INFORMATION_FORMAT = "dwarf-with-dsym";
				ENABLE_NS_ASSERTIONS = NO;
				ENABLE_STRICT_OBJC_MSGSEND = YES;
				GCC_C_LANGUAGE_STANDARD = gnu11;
				GCC_NO_COMMON_BLOCKS = YES;
				GCC_WARN_64_TO_32_BIT_CONVERSION = YES;
				GCC_WARN_ABOUT_RETURN_TYPE = YES_ERROR;
				GCC_WARN_UNDECLARED_SELECTOR = YES;
				GCC_WARN_UNINITIALIZED_AUTOS = YES_AGGRESSIVE;
				GCC_WARN_UNUSED_FUNCTION = YES;
				GCC_WARN_UNUSED_VARIABLE = YES;
				IPHONEOS_DEPLOYMENT_TARGET = 15.2;
				MTL_ENABLE_DEBUG_INFO = NO;
				MTL_FAST_MATH = YES;
				SDKROOT = iphoneos;
				VALIDATE_PRODUCT = YES;
				VERSIONING_SYSTEM = "apple-generic";
				VERSION_INFO_PREFIX = "";
			};
			name = Release;
		};
		776B1C5E283C78D800D85C73 /* Debug */ = {
			isa = XCBuildConfiguration;
			baseConfigurationReference = E7FA04C2FAD7C9E74332DF0F /* Pods-QNLiveKit.debug.xcconfig */;
			buildSettings = {
				CLANG_ENABLE_MODULES = NO;
				CODE_SIGN_STYLE = Automatic;
				CURRENT_PROJECT_VERSION = 1;
				DEFINES_MODULE = YES;
				DEVELOPMENT_TEAM = W2TP34G2MM;
				DYLIB_COMPATIBILITY_VERSION = 1;
				DYLIB_CURRENT_VERSION = 1;
				DYLIB_INSTALL_NAME_BASE = "@rpath";
				ENABLE_BITCODE = NO;
				EXCLUDED_ARCHS = "EXCLUDED_ARCHS__EFFECTIVE_PLATFORM_SUFFIX_simulator__NATIVE_ARCH_64_BIT_x86_64=arm64 arm64e armv7 armv7s armv6 armv8 EXCLUDED_ARCHS=$(inherited) $(EXCLUDED_ARCHS__EFFECTIVE_PLATFORM_SUFFIX_$(EFFECTIVE_PLATFORM_SUFFIX)__NATIVE_ARCH_64_BIT_$(NATIVE_ARCH_64_BIT))";
				FRAMEWORK_SEARCH_PATHS = (
					"$(inherited)",
					"$(PROJECT_DIR)Demo/Pods/QNRTCKit-iOS/pod/iphoneos",
					"$(PROJECT_DIR)/QNLiveKit",
					"\"$(SRCROOT)/QNLiveKit/Beauty/Effect\"",
					"\"$(SRCROOT)/QNLiveKit/LiveUIKit/Views/Gift\"",
					"$(SRCROOT)/../frameworks",
				);
				GCC_PRECOMPILE_PREFIX_HEADER = YES;
				GCC_PREFIX_HEADER = "$(PROJECT_DIR)/QNLiveKit/QNLivePrefixHeader.pch";
				GENERATE_INFOPLIST_FILE = YES;
				HEADER_SEARCH_PATHS = (
					"$(inherited)",
					"\"${PODS_CONFIGURATION_BUILD_DIR}/AFNetworking/AFNetworking.framework/Headers\"",
					"\"${PODS_CONFIGURATION_BUILD_DIR}/Masonry/Masonry.framework/Headers\"",
					"\"${PODS_CONFIGURATION_BUILD_DIR}/SDWebImage/SDWebImage.framework/Headers\"",
					"\"$(SRCROOT)/QNLiveKit/Beauty/Effect\"",
					"\"$(SRCROOT)/QNLiveKit/PLSTArEffects.framework/Headers\"",
					"\"$(SRCROOT)/QNLiveKit/PLSTArEffects.framework/Headers/core/include\"",
					"\"$(SRCROOT)/QNLiveKit/Beauty/Effect/EFDataSoure\"",
				);
				INFOPLIST_KEY_NSHumanReadableCopyright = "";
				INSTALL_PATH = "$(LOCAL_LIBRARY_DIR)/Frameworks";
				IPHONEOS_DEPLOYMENT_TARGET = 9.0;
				LD_RUNPATH_SEARCH_PATHS = (
					"$(inherited)",
					"@executable_path/Frameworks",
					"@loader_path/Frameworks",
				);
				LIBRARY_SEARCH_PATHS = (
					"$(inherited)",
					"$(SRCROOT)/QNLiveKit/lib/ios_os",
					"$(SRCROOT)/QNLiveKit/lib/ios_sim",
					"$(SRCROOT)/QNLiveKit/Effect/SenseArSourceService/lib/ios_universal",
					"$(SRCROOT)/QNLiveKit/Effect/st_mobile_sdk/lib/ios_os",
					"$(SRCROOT)/QNLiveKit/Beauty/Effect/SenseArSourceService/lib/ios_universal",
					"$(SRCROOT)/QNLiveKit/Beauty/Effect/st_mobile_sdk/lib/ios_os",
					"$(PROJECT_DIR)/QNLiveKit/Beauty/Effect/SenseArSourceService/lib/ios_universal",
					"$(PROJECT_DIR)/QNLiveKit/Beauty/Effect/st_mobile_sdk/lib/ios_os",
					"$(PROJECT_DIR)/QNLiveKit/Beauty/Effect/st_mobile_sdk/lib/ios_sim",
				);
				MACH_O_TYPE = staticlib;
				MARKETING_VERSION = 1.0;
				ONLY_ACTIVE_ARCH = YES;
				OTHER_CODE_SIGN_FLAGS = "--generate-entitlement-der";
				PRODUCT_BUNDLE_IDENTIFIER = com.qiniu.LiveKit;
				PRODUCT_NAME = "$(TARGET_NAME:c99extidentifier)";
				SKIP_INSTALL = YES;
				SWIFT_EMIT_LOC_STRINGS = YES;
				SYSTEM_HEADER_SEARCH_PATHS = "\"$(SRCROOT)/QNLiveKit/Beauty/Effect\"";
				TARGETED_DEVICE_FAMILY = "1,2";
			};
			name = Debug;
		};
		776B1C5F283C78D800D85C73 /* Release */ = {
			isa = XCBuildConfiguration;
			baseConfigurationReference = A065A22036BD2AFE4FD60568 /* Pods-QNLiveKit.release.xcconfig */;
			buildSettings = {
				CLANG_ENABLE_MODULES = NO;
				CODE_SIGN_STYLE = Automatic;
				CURRENT_PROJECT_VERSION = 1;
				DEFINES_MODULE = YES;
				DEVELOPMENT_TEAM = W2TP34G2MM;
				DYLIB_COMPATIBILITY_VERSION = 1;
				DYLIB_CURRENT_VERSION = 1;
				DYLIB_INSTALL_NAME_BASE = "@rpath";
				ENABLE_BITCODE = NO;
				EXCLUDED_ARCHS = "EXCLUDED_ARCHS__EFFECTIVE_PLATFORM_SUFFIX_simulator__NATIVE_ARCH_64_BIT_x86_64=arm64 arm64e armv7 armv7s armv6 armv8 EXCLUDED_ARCHS=$(inherited) $(EXCLUDED_ARCHS__EFFECTIVE_PLATFORM_SUFFIX_$(EFFECTIVE_PLATFORM_SUFFIX)__NATIVE_ARCH_64_BIT_$(NATIVE_ARCH_64_BIT))";
				FRAMEWORK_SEARCH_PATHS = (
					"$(inherited)",
					"$(PROJECT_DIR)Demo/Pods/QNRTCKit-iOS/pod/iphoneos",
					"$(PROJECT_DIR)/QNLiveKit",
					"\"$(SRCROOT)/QNLiveKit/Beauty/Effect\"",
					"\"$(SRCROOT)/QNLiveKit/LiveUIKit/Views/Gift\"",
					"$(SRCROOT)/../frameworks",
				);
				GCC_PRECOMPILE_PREFIX_HEADER = YES;
				GCC_PREFIX_HEADER = "$(PROJECT_DIR)/QNLiveKit/QNLivePrefixHeader.pch";
				GENERATE_INFOPLIST_FILE = YES;
				HEADER_SEARCH_PATHS = (
					"$(inherited)",
					"\"${PODS_CONFIGURATION_BUILD_DIR}/AFNetworking/AFNetworking.framework/Headers\"",
					"\"${PODS_CONFIGURATION_BUILD_DIR}/Masonry/Masonry.framework/Headers\"",
					"\"${PODS_CONFIGURATION_BUILD_DIR}/SDWebImage/SDWebImage.framework/Headers\"",
					"\"$(SRCROOT)/QNLiveKit/Beauty/Effect\"",
					"\"$(SRCROOT)/QNLiveKit/PLSTArEffects.framework/Headers\"",
					"\"$(SRCROOT)/QNLiveKit/PLSTArEffects.framework/Headers/core/include\"",
					"\"$(SRCROOT)/QNLiveKit/Beauty/Effect/EFDataSoure\"",
				);
				INFOPLIST_KEY_NSHumanReadableCopyright = "";
				INSTALL_PATH = "$(LOCAL_LIBRARY_DIR)/Frameworks";
				IPHONEOS_DEPLOYMENT_TARGET = 9.0;
				LD_RUNPATH_SEARCH_PATHS = (
					"$(inherited)",
					"@executable_path/Frameworks",
					"@loader_path/Frameworks",
				);
				LIBRARY_SEARCH_PATHS = (
					"$(inherited)",
					"$(SRCROOT)/QNLiveKit/lib/ios_os",
					"$(SRCROOT)/QNLiveKit/lib/ios_sim",
					"$(SRCROOT)/QNLiveKit/Effect/SenseArSourceService/lib/ios_universal",
					"$(SRCROOT)/QNLiveKit/Effect/st_mobile_sdk/lib/ios_os",
					"$(SRCROOT)/QNLiveKit/Beauty/Effect/SenseArSourceService/lib/ios_universal",
					"$(SRCROOT)/QNLiveKit/Beauty/Effect/st_mobile_sdk/lib/ios_os",
					"$(PROJECT_DIR)/QNLiveKit/Beauty/Effect/SenseArSourceService/lib/ios_universal",
					"$(PROJECT_DIR)/QNLiveKit/Beauty/Effect/st_mobile_sdk/lib/ios_os",
					"$(PROJECT_DIR)/QNLiveKit/Beauty/Effect/st_mobile_sdk/lib/ios_sim",
				);
				MACH_O_TYPE = staticlib;
				MARKETING_VERSION = 1.0;
				ONLY_ACTIVE_ARCH = YES;
				OTHER_CODE_SIGN_FLAGS = "--generate-entitlement-der";
				PRODUCT_BUNDLE_IDENTIFIER = com.qiniu.LiveKit;
				PRODUCT_NAME = "$(TARGET_NAME:c99extidentifier)";
				SKIP_INSTALL = YES;
				SWIFT_EMIT_LOC_STRINGS = YES;
				SYSTEM_HEADER_SEARCH_PATHS = "\"$(SRCROOT)/QNLiveKit/Beauty/Effect\"";
				TARGETED_DEVICE_FAMILY = "1,2";
			};
			name = Release;
		};
		776B1C61283C78D800D85C73 /* Debug */ = {
			isa = XCBuildConfiguration;
			baseConfigurationReference = AADF4E1ADDF332CEBB7AA08F /* Pods-QNLiveKitTests.debug.xcconfig */;
			buildSettings = {
				CODE_SIGN_STYLE = Automatic;
				CURRENT_PROJECT_VERSION = 1;
				DEVELOPMENT_TEAM = W2TP34G2MM;
				GENERATE_INFOPLIST_FILE = YES;
				MARKETING_VERSION = 1.0;
				PRODUCT_BUNDLE_IDENTIFIER = com.qiiu.QNLiveKitTests;
				PRODUCT_NAME = "$(TARGET_NAME)";
				SWIFT_EMIT_LOC_STRINGS = NO;
				TARGETED_DEVICE_FAMILY = "1,2";
			};
			name = Debug;
		};
		776B1C62283C78D800D85C73 /* Release */ = {
			isa = XCBuildConfiguration;
			baseConfigurationReference = 081F7CF449622E077318EFB5 /* Pods-QNLiveKitTests.release.xcconfig */;
			buildSettings = {
				CODE_SIGN_STYLE = Automatic;
				CURRENT_PROJECT_VERSION = 1;
				DEVELOPMENT_TEAM = W2TP34G2MM;
				GENERATE_INFOPLIST_FILE = YES;
				MARKETING_VERSION = 1.0;
				PRODUCT_BUNDLE_IDENTIFIER = com.qiiu.QNLiveKitTests;
				PRODUCT_NAME = "$(TARGET_NAME)";
				SWIFT_EMIT_LOC_STRINGS = NO;
				TARGETED_DEVICE_FAMILY = "1,2";
			};
			name = Release;
		};
/* End XCBuildConfiguration section */

/* Begin XCConfigurationList section */
		776B1C43283C78D800D85C73 /* Build configuration list for PBXProject "QNLiveKit" */ = {
			isa = XCConfigurationList;
			buildConfigurations = (
				776B1C5B283C78D800D85C73 /* Debug */,
				776B1C5C283C78D800D85C73 /* Release */,
			);
			defaultConfigurationIsVisible = 0;
			defaultConfigurationName = Release;
		};
		776B1C5D283C78D800D85C73 /* Build configuration list for PBXNativeTarget "QNLiveKit" */ = {
			isa = XCConfigurationList;
			buildConfigurations = (
				776B1C5E283C78D800D85C73 /* Debug */,
				776B1C5F283C78D800D85C73 /* Release */,
			);
			defaultConfigurationIsVisible = 0;
			defaultConfigurationName = Release;
		};
		776B1C60283C78D800D85C73 /* Build configuration list for PBXNativeTarget "QNLiveKitTests" */ = {
			isa = XCConfigurationList;
			buildConfigurations = (
				776B1C61283C78D800D85C73 /* Debug */,
				776B1C62283C78D800D85C73 /* Release */,
			);
			defaultConfigurationIsVisible = 0;
			defaultConfigurationName = Release;
		};
/* End XCConfigurationList section */
	};
	rootObject = 776B1C40283C78D800D85C73 /* Project object */;
}
